// !$*UTF8*$!
{
	archiveVersion = 1;
	classes = {
	};
	objectVersion = 46;
	objects = {

/* Begin PBXBuildFile section */
		04ADFD57211AA30C00CAB40D /* ProxyManager.swift in Sources */ = {isa = PBXBuildFile; fileRef = 04ADFD56211AA30C00CAB40D /* ProxyManager.swift */; };
		04ADFD59211AA44800CAB40D /* Keys.swift in Sources */ = {isa = PBXBuildFile; fileRef = 04ADFD58211AA44800CAB40D /* Keys.swift */; };
		04ADFD5B211AA45F00CAB40D /* Keys.plist in Resources */ = {isa = PBXBuildFile; fileRef = 04ADFD5A211AA45F00CAB40D /* Keys.plist */; };
		04ADFD63211AB27800CAB40D /* libFMCSecurity.a in Frameworks */ = {isa = PBXBuildFile; fileRef = 04ADFD62211AB27800CAB40D /* libFMCSecurity.a */; };
		04ADFD65211AB28300CAB40D /* libFMCSecurity.a in Frameworks */ = {isa = PBXBuildFile; fileRef = 04ADFD64211AB28300CAB40D /* libFMCSecurity.a */; };
		42556E53018EB910C683AE69 /* Pods_FlappyBirdTests.framework in Frameworks */ = {isa = PBXBuildFile; fileRef = CD5F6C25D4F74299A9EF24E8 /* Pods_FlappyBirdTests.framework */; };
		43745200193D163700654986 /* AppDelegate.swift in Sources */ = {isa = PBXBuildFile; fileRef = 437451FF193D163700654986 /* AppDelegate.swift */; };
		43745202193D163700654986 /* GameScene.sks in Resources */ = {isa = PBXBuildFile; fileRef = 43745201193D163700654986 /* GameScene.sks */; };
		43745204193D163800654986 /* GameScene.swift in Sources */ = {isa = PBXBuildFile; fileRef = 43745203193D163800654986 /* GameScene.swift */; };
		43745206193D163800654986 /* GameViewController.swift in Sources */ = {isa = PBXBuildFile; fileRef = 43745205193D163800654986 /* GameViewController.swift */; };
		43745209193D163800654986 /* Main.storyboard in Resources */ = {isa = PBXBuildFile; fileRef = 43745207193D163800654986 /* Main.storyboard */; };
		4374520B193D163800654986 /* Images.xcassets in Resources */ = {isa = PBXBuildFile; fileRef = 4374520A193D163800654986 /* Images.xcassets */; };
		43745217193D163800654986 /* FlappyBirdTests.swift in Sources */ = {isa = PBXBuildFile; fileRef = 43745216193D163800654986 /* FlappyBirdTests.swift */; };
		437A3DBA193D326A00909BA0 /* bird.atlas in Resources */ = {isa = PBXBuildFile; fileRef = 437A3DB9193D326A00909BA0 /* bird.atlas */; };
		6E1623E01E24FC4E00FB2C72 /* LaunchScreen.storyboard in Resources */ = {isa = PBXBuildFile; fileRef = 6E1623DF1E24FC4E00FB2C72 /* LaunchScreen.storyboard */; };
		9AEFBB35693403997E6DD2DE /* Pods_FlappyBird.framework in Frameworks */ = {isa = PBXBuildFile; fileRef = F9D497269E10A20B3A2D357B /* Pods_FlappyBird.framework */; };
/* End PBXBuildFile section */

/* Begin PBXContainerItemProxy section */
		43745211193D163800654986 /* PBXContainerItemProxy */ = {
			isa = PBXContainerItemProxy;
			containerPortal = 437451F2193D163700654986 /* Project object */;
			proxyType = 1;
			remoteGlobalIDString = 437451F9193D163700654986;
			remoteInfo = FlappyBird;
		};
/* End PBXContainerItemProxy section */

/* Begin PBXFileReference section */
		04ADFD56211AA30C00CAB40D /* ProxyManager.swift */ = {isa = PBXFileReference; lastKnownFileType = sourcecode.swift; path = ProxyManager.swift; sourceTree = "<group>"; };
		04ADFD58211AA44800CAB40D /* Keys.swift */ = {isa = PBXFileReference; lastKnownFileType = sourcecode.swift; path = Keys.swift; sourceTree = "<group>"; };
		04ADFD5A211AA45F00CAB40D /* Keys.plist */ = {isa = PBXFileReference; lastKnownFileType = text.plist.xml; path = Keys.plist; sourceTree = "<group>"; };
		04ADFD61211AB18800CAB40D /* BridgingHeader.h */ = {isa = PBXFileReference; lastKnownFileType = sourcecode.c.h; path = BridgingHeader.h; sourceTree = "<group>"; };
		04ADFD62211AB27800CAB40D /* libFMCSecurity.a */ = {isa = PBXFileReference; lastKnownFileType = archive.ar; name = libFMCSecurity.a; path = FMCSecurity/FMCSecurity/debug/libFMCSecurity.a; sourceTree = "<group>"; };
		04ADFD64211AB28300CAB40D /* libFMCSecurity.a */ = {isa = PBXFileReference; lastKnownFileType = archive.ar; name = libFMCSecurity.a; path = FMCSecurity/FMCSecurity/release/libFMCSecurity.a; sourceTree = "<group>"; };
		437451FA193D163700654986 /* FlappyBird.app */ = {isa = PBXFileReference; explicitFileType = wrapper.application; includeInIndex = 0; path = FlappyBird.app; sourceTree = BUILT_PRODUCTS_DIR; };
		437451FE193D163700654986 /* Info.plist */ = {isa = PBXFileReference; lastKnownFileType = text.plist.xml; path = Info.plist; sourceTree = "<group>"; };
		437451FF193D163700654986 /* AppDelegate.swift */ = {isa = PBXFileReference; lastKnownFileType = sourcecode.swift; path = AppDelegate.swift; sourceTree = "<group>"; };
		43745201193D163700654986 /* GameScene.sks */ = {isa = PBXFileReference; lastKnownFileType = file.sks; path = GameScene.sks; sourceTree = "<group>"; };
		43745203193D163800654986 /* GameScene.swift */ = {isa = PBXFileReference; lastKnownFileType = sourcecode.swift; path = GameScene.swift; sourceTree = "<group>"; };
		43745205193D163800654986 /* GameViewController.swift */ = {isa = PBXFileReference; lastKnownFileType = sourcecode.swift; path = GameViewController.swift; sourceTree = "<group>"; };
		43745208193D163800654986 /* Base */ = {isa = PBXFileReference; lastKnownFileType = file.storyboard; name = Base; path = Base.lproj/Main.storyboard; sourceTree = "<group>"; };
		4374520A193D163800654986 /* Images.xcassets */ = {isa = PBXFileReference; lastKnownFileType = folder.assetcatalog; path = Images.xcassets; sourceTree = "<group>"; };
		43745210193D163800654986 /* FlappyBirdTests.xctest */ = {isa = PBXFileReference; explicitFileType = wrapper.cfbundle; includeInIndex = 0; path = FlappyBirdTests.xctest; sourceTree = BUILT_PRODUCTS_DIR; };
		43745215193D163800654986 /* Info.plist */ = {isa = PBXFileReference; lastKnownFileType = text.plist.xml; path = Info.plist; sourceTree = "<group>"; };
		43745216193D163800654986 /* FlappyBirdTests.swift */ = {isa = PBXFileReference; lastKnownFileType = sourcecode.swift; path = FlappyBirdTests.swift; sourceTree = "<group>"; };
		437A3DB9193D326A00909BA0 /* bird.atlas */ = {isa = PBXFileReference; lastKnownFileType = folder.skatlas; path = bird.atlas; sourceTree = "<group>"; };
		58CEF6B880D2A6E7D36A2A36 /* Pods-FlappyBirdTests.release.xcconfig */ = {isa = PBXFileReference; includeInIndex = 1; lastKnownFileType = text.xcconfig; name = "Pods-FlappyBirdTests.release.xcconfig"; path = "Pods/Target Support Files/Pods-FlappyBirdTests/Pods-FlappyBirdTests.release.xcconfig"; sourceTree = "<group>"; };
		6E1623DF1E24FC4E00FB2C72 /* LaunchScreen.storyboard */ = {isa = PBXFileReference; fileEncoding = 4; lastKnownFileType = file.storyboard; path = LaunchScreen.storyboard; sourceTree = "<group>"; };
		A2B57A520BABA4B76AD90567 /* Pods-FlappyBird.debug.xcconfig */ = {isa = PBXFileReference; includeInIndex = 1; lastKnownFileType = text.xcconfig; name = "Pods-FlappyBird.debug.xcconfig"; path = "Pods/Target Support Files/Pods-FlappyBird/Pods-FlappyBird.debug.xcconfig"; sourceTree = "<group>"; };
		CD5F6C25D4F74299A9EF24E8 /* Pods_FlappyBirdTests.framework */ = {isa = PBXFileReference; explicitFileType = wrapper.framework; includeInIndex = 0; path = Pods_FlappyBirdTests.framework; sourceTree = BUILT_PRODUCTS_DIR; };
		E4AB95294A08DF3A37F96365 /* Pods-FlappyBird.release.xcconfig */ = {isa = PBXFileReference; includeInIndex = 1; lastKnownFileType = text.xcconfig; name = "Pods-FlappyBird.release.xcconfig"; path = "Pods/Target Support Files/Pods-FlappyBird/Pods-FlappyBird.release.xcconfig"; sourceTree = "<group>"; };
		F1465C40AC2B8783A9EED4FF /* Pods-FlappyBirdTests.debug.xcconfig */ = {isa = PBXFileReference; includeInIndex = 1; lastKnownFileType = text.xcconfig; name = "Pods-FlappyBirdTests.debug.xcconfig"; path = "Pods/Target Support Files/Pods-FlappyBirdTests/Pods-FlappyBirdTests.debug.xcconfig"; sourceTree = "<group>"; };
		F9D497269E10A20B3A2D357B /* Pods_FlappyBird.framework */ = {isa = PBXFileReference; explicitFileType = wrapper.framework; includeInIndex = 0; path = Pods_FlappyBird.framework; sourceTree = BUILT_PRODUCTS_DIR; };
/* End PBXFileReference section */

/* Begin PBXFrameworksBuildPhase section */
		437451F7193D163700654986 /* Frameworks */ = {
			isa = PBXFrameworksBuildPhase;
			buildActionMask = 2147483647;
			files = (
				04ADFD65211AB28300CAB40D /* libFMCSecurity.a in Frameworks */,
				04ADFD63211AB27800CAB40D /* libFMCSecurity.a in Frameworks */,
				9AEFBB35693403997E6DD2DE /* Pods_FlappyBird.framework in Frameworks */,
			);
			runOnlyForDeploymentPostprocessing = 0;
		};
		4374520D193D163800654986 /* Frameworks */ = {
			isa = PBXFrameworksBuildPhase;
			buildActionMask = 2147483647;
			files = (
				42556E53018EB910C683AE69 /* Pods_FlappyBirdTests.framework in Frameworks */,
			);
			runOnlyForDeploymentPostprocessing = 0;
		};
/* End PBXFrameworksBuildPhase section */

/* Begin PBXGroup section */
		04ADFD55211AA2F200CAB40D /* SDL */ = {
			isa = PBXGroup;
			children = (
				04ADFD56211AA30C00CAB40D /* ProxyManager.swift */,
				04ADFD61211AB18800CAB40D /* BridgingHeader.h */,
			);
			name = SDL;
			sourceTree = "<group>";
		};
		298DBB550AA7F908B9425B6A /* Frameworks */ = {
			isa = PBXGroup;
			children = (
				04ADFD62211AB27800CAB40D /* libFMCSecurity.a */,
				04ADFD64211AB28300CAB40D /* libFMCSecurity.a */,
				F9D497269E10A20B3A2D357B /* Pods_FlappyBird.framework */,
				CD5F6C25D4F74299A9EF24E8 /* Pods_FlappyBirdTests.framework */,
			);
			name = Frameworks;
			sourceTree = "<group>";
		};
		437451F1193D163700654986 = {
			isa = PBXGroup;
			children = (
				437451FC193D163700654986 /* FlappyBird */,
				43745213193D163800654986 /* FlappyBirdTests */,
				437451FB193D163700654986 /* Products */,
				C552603949BD932D844E8D86 /* Pods */,
				298DBB550AA7F908B9425B6A /* Frameworks */,
			);
			sourceTree = "<group>";
			usesTabs = 0;
		};
		437451FB193D163700654986 /* Products */ = {
			isa = PBXGroup;
			children = (
				437451FA193D163700654986 /* FlappyBird.app */,
				43745210193D163800654986 /* FlappyBirdTests.xctest */,
			);
			name = Products;
			sourceTree = "<group>";
		};
		437451FC193D163700654986 /* FlappyBird */ = {
			isa = PBXGroup;
			children = (
				04ADFD55211AA2F200CAB40D /* SDL */,
				6E1623DF1E24FC4E00FB2C72 /* LaunchScreen.storyboard */,
				437451FF193D163700654986 /* AppDelegate.swift */,
				43745201193D163700654986 /* GameScene.sks */,
				43745203193D163800654986 /* GameScene.swift */,
				43745205193D163800654986 /* GameViewController.swift */,
				43745207193D163800654986 /* Main.storyboard */,
				4374520A193D163800654986 /* Images.xcassets */,
				437A3DB9193D326A00909BA0 /* bird.atlas */,
				437451FD193D163700654986 /* Supporting Files */,
				04ADFD58211AA44800CAB40D /* Keys.swift */,
				04ADFD5A211AA45F00CAB40D /* Keys.plist */,
			);
			path = FlappyBird;
			sourceTree = "<group>";
		};
		437451FD193D163700654986 /* Supporting Files */ = {
			isa = PBXGroup;
			children = (
				437451FE193D163700654986 /* Info.plist */,
			);
			name = "Supporting Files";
			sourceTree = "<group>";
		};
		43745213193D163800654986 /* FlappyBirdTests */ = {
			isa = PBXGroup;
			children = (
				43745216193D163800654986 /* FlappyBirdTests.swift */,
				43745214193D163800654986 /* Supporting Files */,
			);
			path = FlappyBirdTests;
			sourceTree = "<group>";
		};
		43745214193D163800654986 /* Supporting Files */ = {
			isa = PBXGroup;
			children = (
				43745215193D163800654986 /* Info.plist */,
			);
			name = "Supporting Files";
			sourceTree = "<group>";
		};
		C552603949BD932D844E8D86 /* Pods */ = {
			isa = PBXGroup;
			children = (
				A2B57A520BABA4B76AD90567 /* Pods-FlappyBird.debug.xcconfig */,
				E4AB95294A08DF3A37F96365 /* Pods-FlappyBird.release.xcconfig */,
				F1465C40AC2B8783A9EED4FF /* Pods-FlappyBirdTests.debug.xcconfig */,
				58CEF6B880D2A6E7D36A2A36 /* Pods-FlappyBirdTests.release.xcconfig */,
			);
			name = Pods;
			sourceTree = "<group>";
		};
/* End PBXGroup section */

/* Begin PBXNativeTarget section */
		437451F9193D163700654986 /* FlappyBird */ = {
			isa = PBXNativeTarget;
			buildConfigurationList = 4374521A193D163800654986 /* Build configuration list for PBXNativeTarget "FlappyBird" */;
			buildPhases = (
				F2011E33D3937F0DD360BA10 /* [CP] Check Pods Manifest.lock */,
				437451F6193D163700654986 /* Sources */,
				437451F7193D163700654986 /* Frameworks */,
				437451F8193D163700654986 /* Resources */,
				03223FCB0499D65396800C74 /* [CP] Embed Pods Frameworks */,
				04ADFD60211AB13100CAB40D /* Finalizer */,
			);
			buildRules = (
			);
			dependencies = (
			);
			name = FlappyBird;
			productName = FlappyBird;
			productReference = 437451FA193D163700654986 /* FlappyBird.app */;
			productType = "com.apple.product-type.application";
		};
		4374520F193D163800654986 /* FlappyBirdTests */ = {
			isa = PBXNativeTarget;
			buildConfigurationList = 4374521D193D163800654986 /* Build configuration list for PBXNativeTarget "FlappyBirdTests" */;
			buildPhases = (
				FBC82F80416CED7B3E4ED73D /* [CP] Check Pods Manifest.lock */,
				4374520C193D163800654986 /* Sources */,
				4374520D193D163800654986 /* Frameworks */,
				4374520E193D163800654986 /* Resources */,
			);
			buildRules = (
			);
			dependencies = (
				43745212193D163800654986 /* PBXTargetDependency */,
			);
			name = FlappyBirdTests;
			productName = FlappyBirdTests;
			productReference = 43745210193D163800654986 /* FlappyBirdTests.xctest */;
			productType = "com.apple.product-type.bundle.unit-test";
		};
/* End PBXNativeTarget section */

/* Begin PBXProject section */
		437451F2193D163700654986 /* Project object */ = {
			isa = PBXProject;
			attributes = {
				LastSwiftMigration = 0700;
				LastSwiftUpdateCheck = 0700;
				LastUpgradeCheck = 0940;
				ORGANIZATIONNAME = Fullstack.io;
				TargetAttributes = {
					437451F9193D163700654986 = {
						CreatedOnToolsVersion = 6.0;
						DevelopmentTeam = L5EP8QQ48K;
						LastSwiftMigration = 0900;
					};
					4374520F193D163800654986 = {
						CreatedOnToolsVersion = 6.0;
						LastSwiftMigration = 0900;
						TestTargetID = 437451F9193D163700654986;
					};
				};
			};
			buildConfigurationList = 437451F5193D163700654986 /* Build configuration list for PBXProject "FlappyBird" */;
			compatibilityVersion = "Xcode 3.2";
			developmentRegion = English;
			hasScannedForEncodings = 0;
			knownRegions = (
				en,
				Base,
			);
			mainGroup = 437451F1193D163700654986;
			productRefGroup = 437451FB193D163700654986 /* Products */;
			projectDirPath = "";
			projectRoot = "";
			targets = (
				437451F9193D163700654986 /* FlappyBird */,
				4374520F193D163800654986 /* FlappyBirdTests */,
			);
		};
/* End PBXProject section */

/* Begin PBXResourcesBuildPhase section */
		437451F8193D163700654986 /* Resources */ = {
			isa = PBXResourcesBuildPhase;
			buildActionMask = 2147483647;
			files = (
				04ADFD5B211AA45F00CAB40D /* Keys.plist in Resources */,
				4374520B193D163800654986 /* Images.xcassets in Resources */,
				43745202193D163700654986 /* GameScene.sks in Resources */,
				437A3DBA193D326A00909BA0 /* bird.atlas in Resources */,
				6E1623E01E24FC4E00FB2C72 /* LaunchScreen.storyboard in Resources */,
				43745209193D163800654986 /* Main.storyboard in Resources */,
			);
			runOnlyForDeploymentPostprocessing = 0;
		};
		4374520E193D163800654986 /* Resources */ = {
			isa = PBXResourcesBuildPhase;
			buildActionMask = 2147483647;
			files = (
			);
			runOnlyForDeploymentPostprocessing = 0;
		};
/* End PBXResourcesBuildPhase section */

/* Begin PBXShellScriptBuildPhase section */
		03223FCB0499D65396800C74 /* [CP] Embed Pods Frameworks */ = {
			isa = PBXShellScriptBuildPhase;
			buildActionMask = 2147483647;
			files = (
			);
			inputPaths = (
				"${SRCROOT}/Pods/Target Support Files/Pods-FlappyBird/Pods-FlappyBird-frameworks.sh",
				"${BUILT_PRODUCTS_DIR}/BiSON/BiSON.framework",
				"${BUILT_PRODUCTS_DIR}/SmartDeviceLink/SmartDeviceLink.framework",
			);
			name = "[CP] Embed Pods Frameworks";
			outputPaths = (
				"${TARGET_BUILD_DIR}/${FRAMEWORKS_FOLDER_PATH}/BiSON.framework",
				"${TARGET_BUILD_DIR}/${FRAMEWORKS_FOLDER_PATH}/SmartDeviceLink.framework",
			);
			runOnlyForDeploymentPostprocessing = 0;
			shellPath = /bin/sh;
			shellScript = "\"${SRCROOT}/Pods/Target Support Files/Pods-FlappyBird/Pods-FlappyBird-frameworks.sh\"\n";
			showEnvVarsInLog = 0;
		};
		04ADFD60211AB13100CAB40D /* Finalizer */ = {
			isa = PBXShellScriptBuildPhase;
			buildActionMask = 2147483647;
			files = (
			);
			inputPaths = (
			);
			name = Finalizer;
			outputPaths = (
			);
			runOnlyForDeploymentPostprocessing = 0;
			shellPath = /bin/sh;
			shellScript = "if [[ \"${CONFIGURATION}\" == \"Release\" ]]; then\n\nFINALIZE_DIR=\"${SRCROOT}/FMCSecurity/finalizer/common\"\nLIB_DIR=\"${SRCROOT}/FMCSecurity/FMCSecurity\"\n\necho $FINALIZE_DIR\necho $LIB_DIR\n\nif [[ ! -e \"$FINALIZE_DIR/xcode-finalize-protection.py\" ]]; then\necho \"${SRCROOT}/FMCSecurity/xcode-finalize-protection.py does not exist. Please update the Finalize Protection Build Phase in the Xcode project with the correct path to the xcode-finalize-protection.py script in the Finalizer installation.\"\nexit 1\nfi\n\nFINALIZE=\"$FINALIZE_DIR/xcode-finalize-protection.py -prefinalized-library\"\n\n${FINALIZE} \"$LIB_DIR/release/libFMCSecurity.a\"\n\nfi\n";
		};
		F2011E33D3937F0DD360BA10 /* [CP] Check Pods Manifest.lock */ = {
			isa = PBXShellScriptBuildPhase;
			buildActionMask = 2147483647;
			files = (
			);
			inputPaths = (
				"${PODS_PODFILE_DIR_PATH}/Podfile.lock",
				"${PODS_ROOT}/Manifest.lock",
			);
			name = "[CP] Check Pods Manifest.lock";
			outputPaths = (
				"$(DERIVED_FILE_DIR)/Pods-FlappyBird-checkManifestLockResult.txt",
			);
			runOnlyForDeploymentPostprocessing = 0;
			shellPath = /bin/sh;
			shellScript = "diff \"${PODS_PODFILE_DIR_PATH}/Podfile.lock\" \"${PODS_ROOT}/Manifest.lock\" > /dev/null\nif [ $? != 0 ] ; then\n    # print error to STDERR\n    echo \"error: The sandbox is not in sync with the Podfile.lock. Run 'pod install' or update your CocoaPods installation.\" >&2\n    exit 1\nfi\n# This output is used by Xcode 'outputs' to avoid re-running this script phase.\necho \"SUCCESS\" > \"${SCRIPT_OUTPUT_FILE_0}\"\n";
			showEnvVarsInLog = 0;
		};
		FBC82F80416CED7B3E4ED73D /* [CP] Check Pods Manifest.lock */ = {
			isa = PBXShellScriptBuildPhase;
			buildActionMask = 2147483647;
			files = (
			);
			inputPaths = (
				"${PODS_PODFILE_DIR_PATH}/Podfile.lock",
				"${PODS_ROOT}/Manifest.lock",
			);
			name = "[CP] Check Pods Manifest.lock";
			outputPaths = (
				"$(DERIVED_FILE_DIR)/Pods-FlappyBirdTests-checkManifestLockResult.txt",
			);
			runOnlyForDeploymentPostprocessing = 0;
			shellPath = /bin/sh;
			shellScript = "diff \"${PODS_PODFILE_DIR_PATH}/Podfile.lock\" \"${PODS_ROOT}/Manifest.lock\" > /dev/null\nif [ $? != 0 ] ; then\n    # print error to STDERR\n    echo \"error: The sandbox is not in sync with the Podfile.lock. Run 'pod install' or update your CocoaPods installation.\" >&2\n    exit 1\nfi\n# This output is used by Xcode 'outputs' to avoid re-running this script phase.\necho \"SUCCESS\" > \"${SCRIPT_OUTPUT_FILE_0}\"\n";
			showEnvVarsInLog = 0;
		};
/* End PBXShellScriptBuildPhase section */

/* Begin PBXSourcesBuildPhase section */
		437451F6193D163700654986 /* Sources */ = {
			isa = PBXSourcesBuildPhase;
			buildActionMask = 2147483647;
			files = (
				43745204193D163800654986 /* GameScene.swift in Sources */,
				43745206193D163800654986 /* GameViewController.swift in Sources */,
				04ADFD57211AA30C00CAB40D /* ProxyManager.swift in Sources */,
				43745200193D163700654986 /* AppDelegate.swift in Sources */,
				04ADFD59211AA44800CAB40D /* Keys.swift in Sources */,
			);
			runOnlyForDeploymentPostprocessing = 0;
		};
		4374520C193D163800654986 /* Sources */ = {
			isa = PBXSourcesBuildPhase;
			buildActionMask = 2147483647;
			files = (
				43745217193D163800654986 /* FlappyBirdTests.swift in Sources */,
			);
			runOnlyForDeploymentPostprocessing = 0;
		};
/* End PBXSourcesBuildPhase section */

/* Begin PBXTargetDependency section */
		43745212193D163800654986 /* PBXTargetDependency */ = {
			isa = PBXTargetDependency;
			target = 437451F9193D163700654986 /* FlappyBird */;
			targetProxy = 43745211193D163800654986 /* PBXContainerItemProxy */;
		};
/* End PBXTargetDependency section */

/* Begin PBXVariantGroup section */
		43745207193D163800654986 /* Main.storyboard */ = {
			isa = PBXVariantGroup;
			children = (
				43745208193D163800654986 /* Base */,
			);
			name = Main.storyboard;
			sourceTree = "<group>";
		};
/* End PBXVariantGroup section */

/* Begin XCBuildConfiguration section */
		43745218193D163800654986 /* Debug */ = {
			isa = XCBuildConfiguration;
			buildSettings = {
				ALWAYS_SEARCH_USER_PATHS = NO;
				CLANG_CXX_LANGUAGE_STANDARD = "gnu++0x";
				CLANG_CXX_LIBRARY = "libc++";
				CLANG_ENABLE_MODULES = YES;
				CLANG_ENABLE_OBJC_ARC = YES;
				CLANG_WARN_BLOCK_CAPTURE_AUTORELEASING = YES;
				CLANG_WARN_BOOL_CONVERSION = YES;
				CLANG_WARN_COMMA = YES;
				CLANG_WARN_CONSTANT_CONVERSION = YES;
				CLANG_WARN_DEPRECATED_OBJC_IMPLEMENTATIONS = YES;
				CLANG_WARN_DIRECT_OBJC_ISA_USAGE = YES_ERROR;
				CLANG_WARN_EMPTY_BODY = YES;
				CLANG_WARN_ENUM_CONVERSION = YES;
				CLANG_WARN_INFINITE_RECURSION = YES;
				CLANG_WARN_INT_CONVERSION = YES;
				CLANG_WARN_NON_LITERAL_NULL_CONVERSION = YES;
				CLANG_WARN_OBJC_IMPLICIT_RETAIN_SELF = YES;
				CLANG_WARN_OBJC_LITERAL_CONVERSION = YES;
				CLANG_WARN_OBJC_ROOT_CLASS = YES_ERROR;
				CLANG_WARN_RANGE_LOOP_ANALYSIS = YES;
				CLANG_WARN_STRICT_PROTOTYPES = YES;
				CLANG_WARN_SUSPICIOUS_MOVE = YES;
				CLANG_WARN_UNREACHABLE_CODE = YES;
				CLANG_WARN__DUPLICATE_METHOD_MATCH = YES;
				"CODE_SIGN_IDENTITY[sdk=iphoneos*]" = "iPhone Developer";
				COPY_PHASE_STRIP = NO;
				ENABLE_BITCODE = NO;
				ENABLE_STRICT_OBJC_MSGSEND = YES;
				ENABLE_TESTABILITY = YES;
				GCC_C_LANGUAGE_STANDARD = gnu99;
				GCC_DYNAMIC_NO_PIC = NO;
				GCC_NO_COMMON_BLOCKS = YES;
				GCC_OPTIMIZATION_LEVEL = 0;
				GCC_PREPROCESSOR_DEFINITIONS = (
					"DEBUG=1",
					"$(inherited)",
				);
				GCC_SYMBOLS_PRIVATE_EXTERN = NO;
				GCC_WARN_64_TO_32_BIT_CONVERSION = YES;
				GCC_WARN_ABOUT_RETURN_TYPE = YES_ERROR;
				GCC_WARN_UNDECLARED_SELECTOR = YES;
				GCC_WARN_UNINITIALIZED_AUTOS = YES_AGGRESSIVE;
				GCC_WARN_UNUSED_FUNCTION = YES;
				GCC_WARN_UNUSED_VARIABLE = YES;
				HEADER_SEARCH_PATHS = "$(PROJECT_DIR)/FMCSecurity/FMCSecurity/common";
				IPHONEOS_DEPLOYMENT_TARGET = 8.0;
				LD_GENERATE_MAP_FILE = YES;
				LIBRARY_SEARCH_PATHS = "$(PROJECT_DIR)/FMCSecurity/FMCSecurity/debug";
				METAL_ENABLE_DEBUG_INFO = YES;
				ONLY_ACTIVE_ARCH = YES;
				SDKROOT = iphoneos;
				SWIFT_OPTIMIZATION_LEVEL = "-Onone";
				TARGETED_DEVICE_FAMILY = "1,2";
			};
			name = Debug;
		};
		43745219193D163800654986 /* Release */ = {
			isa = XCBuildConfiguration;
			buildSettings = {
				ALWAYS_SEARCH_USER_PATHS = NO;
				CLANG_CXX_LANGUAGE_STANDARD = "gnu++0x";
				CLANG_CXX_LIBRARY = "libc++";
				CLANG_ENABLE_MODULES = YES;
				CLANG_ENABLE_OBJC_ARC = YES;
				CLANG_WARN_BLOCK_CAPTURE_AUTORELEASING = YES;
				CLANG_WARN_BOOL_CONVERSION = YES;
				CLANG_WARN_COMMA = YES;
				CLANG_WARN_CONSTANT_CONVERSION = YES;
				CLANG_WARN_DEPRECATED_OBJC_IMPLEMENTATIONS = YES;
				CLANG_WARN_DIRECT_OBJC_ISA_USAGE = YES_ERROR;
				CLANG_WARN_EMPTY_BODY = YES;
				CLANG_WARN_ENUM_CONVERSION = YES;
				CLANG_WARN_INFINITE_RECURSION = YES;
				CLANG_WARN_INT_CONVERSION = YES;
				CLANG_WARN_NON_LITERAL_NULL_CONVERSION = YES;
				CLANG_WARN_OBJC_IMPLICIT_RETAIN_SELF = YES;
				CLANG_WARN_OBJC_LITERAL_CONVERSION = YES;
				CLANG_WARN_OBJC_ROOT_CLASS = YES_ERROR;
				CLANG_WARN_RANGE_LOOP_ANALYSIS = YES;
				CLANG_WARN_STRICT_PROTOTYPES = YES;
				CLANG_WARN_SUSPICIOUS_MOVE = YES;
				CLANG_WARN_UNREACHABLE_CODE = YES;
				CLANG_WARN__DUPLICATE_METHOD_MATCH = YES;
				"CODE_SIGN_IDENTITY[sdk=iphoneos*]" = "iPhone Developer";
				COPY_PHASE_STRIP = YES;
				ENABLE_BITCODE = NO;
				ENABLE_NS_ASSERTIONS = NO;
				ENABLE_STRICT_OBJC_MSGSEND = YES;
				GCC_C_LANGUAGE_STANDARD = gnu99;
				GCC_NO_COMMON_BLOCKS = YES;
				GCC_WARN_64_TO_32_BIT_CONVERSION = YES;
				GCC_WARN_ABOUT_RETURN_TYPE = YES_ERROR;
				GCC_WARN_UNDECLARED_SELECTOR = YES;
				GCC_WARN_UNINITIALIZED_AUTOS = YES_AGGRESSIVE;
				GCC_WARN_UNUSED_FUNCTION = YES;
				GCC_WARN_UNUSED_VARIABLE = YES;
				HEADER_SEARCH_PATHS = "$(PROJECT_DIR)/FMCSecurity/FMCSecurity/common";
				IPHONEOS_DEPLOYMENT_TARGET = 8.0;
				LD_GENERATE_MAP_FILE = YES;
				LIBRARY_SEARCH_PATHS = "$(PROJECT_DIR)/FMCSecurity/FMCSecurity/release";
				METAL_ENABLE_DEBUG_INFO = NO;
				SDKROOT = iphoneos;
				SWIFT_OPTIMIZATION_LEVEL = "-Owholemodule";
				TARGETED_DEVICE_FAMILY = "1,2";
				VALIDATE_PRODUCT = YES;
			};
			name = Release;
		};
		4374521B193D163800654986 /* Debug */ = {
			isa = XCBuildConfiguration;
			baseConfigurationReference = A2B57A520BABA4B76AD90567 /* Pods-FlappyBird.debug.xcconfig */;
			buildSettings = {
				ASSETCATALOG_COMPILER_APPICON_NAME = AppIcon;
				DEVELOPMENT_TEAM = L5EP8QQ48K;
				INFOPLIST_FILE = FlappyBird/Info.plist;
				LD_RUNPATH_SEARCH_PATHS = "$(inherited) @executable_path/Frameworks";
				LIBRARY_SEARCH_PATHS = (
					"$(inherited)",
					"$(PROJECT_DIR)/FMCSecurity/FMCSecurity/release",
				);
				PRODUCT_BUNDLE_IDENTIFIER = com.brightryan.FlappyBird;
				PRODUCT_NAME = "$(TARGET_NAME)";
				SWIFT_OBJC_BRIDGING_HEADER = "$(PROJECT_DIR)/FlappyBird/BridgingHeader.h";
				SWIFT_SWIFT3_OBJC_INFERENCE = Default;
				SWIFT_VERSION = 4.0;
			};
			name = Debug;
		};
		4374521C193D163800654986 /* Release */ = {
			isa = XCBuildConfiguration;
			baseConfigurationReference = E4AB95294A08DF3A37F96365 /* Pods-FlappyBird.release.xcconfig */;
			buildSettings = {
				ASSETCATALOG_COMPILER_APPICON_NAME = AppIcon;
				DEVELOPMENT_TEAM = L5EP8QQ48K;
				INFOPLIST_FILE = FlappyBird/Info.plist;
				LD_RUNPATH_SEARCH_PATHS = "$(inherited) @executable_path/Frameworks";
				LIBRARY_SEARCH_PATHS = (
					"$(inherited)",
					"$(PROJECT_DIR)/FMCSecurity/FMCSecurity/debug",
				);
				PRODUCT_BUNDLE_IDENTIFIER = com.brightryan.FlappyBird;
				PRODUCT_NAME = "$(TARGET_NAME)";
				SWIFT_OBJC_BRIDGING_HEADER = "$(PROJECT_DIR)/FlappyBird/BridgingHeader.h";
				SWIFT_SWIFT3_OBJC_INFERENCE = Default;
				SWIFT_VERSION = 4.0;
			};
			name = Release;
		};
		4374521E193D163800654986 /* Debug */ = {
			isa = XCBuildConfiguration;
			baseConfigurationReference = F1465C40AC2B8783A9EED4FF /* Pods-FlappyBirdTests.debug.xcconfig */;
			buildSettings = {
				BUNDLE_LOADER = "$(BUILT_PRODUCTS_DIR)/FlappyBird.app/FlappyBird";
				FRAMEWORK_SEARCH_PATHS = (
					"$(SDKROOT)/Developer/Library/Frameworks",
					"$(inherited)",
				);
				GCC_PREPROCESSOR_DEFINITIONS = (
					"DEBUG=1",
					"$(inherited)",
				);
				INFOPLIST_FILE = FlappyBirdTests/Info.plist;
				LD_RUNPATH_SEARCH_PATHS = "$(inherited) @executable_path/Frameworks @loader_path/Frameworks";
				METAL_ENABLE_DEBUG_INFO = YES;
				PRODUCT_BUNDLE_IDENTIFIER = "io.fullstack.${PRODUCT_NAME:rfc1034identifier}";
				PRODUCT_NAME = "$(TARGET_NAME)";
				SWIFT_SWIFT3_OBJC_INFERENCE = On;
				SWIFT_VERSION = 4.0;
				TEST_HOST = "$(BUNDLE_LOADER)";
			};
			name = Debug;
		};
		4374521F193D163800654986 /* Release */ = {
			isa = XCBuildConfiguration;
			baseConfigurationReference = 58CEF6B880D2A6E7D36A2A36 /* Pods-FlappyBirdTests.release.xcconfig */;
			buildSettings = {
				BUNDLE_LOADER = "$(BUILT_PRODUCTS_DIR)/FlappyBird.app/FlappyBird";
				FRAMEWORK_SEARCH_PATHS = (
					"$(SDKROOT)/Developer/Library/Frameworks",
					"$(inherited)",
				);
				INFOPLIST_FILE = FlappyBirdTests/Info.plist;
				LD_RUNPATH_SEARCH_PATHS = "$(inherited) @executable_path/Frameworks @loader_path/Frameworks";
				METAL_ENABLE_DEBUG_INFO = NO;
				PRODUCT_BUNDLE_IDENTIFIER = "io.fullstack.${PRODUCT_NAME:rfc1034identifier}";
				PRODUCT_NAME = "$(TARGET_NAME)";
				SWIFT_SWIFT3_OBJC_INFERENCE = On;
				SWIFT_VERSION = 4.0;
				TEST_HOST = "$(BUNDLE_LOADER)";
			};
			name = Release;
		};
/* End XCBuildConfiguration section */

/* Begin XCConfigurationList section */
		437451F5193D163700654986 /* Build configuration list for PBXProject "FlappyBird" */ = {
			isa = XCConfigurationList;
			buildConfigurations = (
				43745218193D163800654986 /* Debug */,
				43745219193D163800654986 /* Release */,
			);
			defaultConfigurationIsVisible = 0;
			defaultConfigurationName = Release;
		};
		4374521A193D163800654986 /* Build configuration list for PBXNativeTarget "FlappyBird" */ = {
			isa = XCConfigurationList;
			buildConfigurations = (
				4374521B193D163800654986 /* Debug */,
				4374521C193D163800654986 /* Release */,
			);
			defaultConfigurationIsVisible = 0;
			defaultConfigurationName = Release;
		};
		4374521D193D163800654986 /* Build configuration list for PBXNativeTarget "FlappyBirdTests" */ = {
			isa = XCConfigurationList;
			buildConfigurations = (
				4374521E193D163800654986 /* Debug */,
				4374521F193D163800654986 /* Release */,
			);
			defaultConfigurationIsVisible = 0;
			defaultConfigurationName = Release;
		};
/* End XCConfigurationList section */
	};
	rootObject = 437451F2193D163700654986 /* Project object */;
}
